
Microsoft Visual Studio Solution File, Format Version 12.00
# Visual Studio 15
VisualStudioVersion = 15.0.27004.2005
MinimumVisualStudioVersion = 10.0.40219.1
Project("{FAE04EC0-301F-11D3-BF4B-00C04F79EFBC}") = "Saturn_Budgeter", "Saturn_Budgeter\Saturn_Budgeter.csproj", "{CA3BB90E-385F-4E40-8C19-BB14856B1CB3}"
EndProject
Project("{FAE04EC0-301F-11D3-BF4B-00C04F79EFBC}") = "Saturn_Budgeter_Tests", "Saturn_Budgeter_Tests\Saturn_Budgeter_Tests.csproj", "{78F14AD2-8D98-4561-AB63-ED144B7FCB23}"
EndProject
Global
	GlobalSection(SolutionConfigurationPlatforms) = preSolution
		Debug|Any CPU = Debug|Any CPU
		Release|Any CPU = Release|Any CPU
	EndGlobalSection
	GlobalSection(ProjectConfigurationPlatforms) = postSolution
		{CA3BB90E-385F-4E40-8C19-BB14856B1CB3}.Debug|Any CPU.ActiveCfg = Debug|Any CPU
		{CA3BB90E-385F-4E40-8C19-BB14856B1CB3}.Debug|Any CPU.Build.0 = Debug|Any CPU
		{CA3BB90E-385F-4E40-8C19-BB14856B1CB3}.Release|Any CPU.ActiveCfg = Release|Any CPU
		{CA3BB90E-385F-4E40-8C19-BB14856B1CB3}.Release|Any CPU.Build.0 = Release|Any CPU
		{78F14AD2-8D98-4561-AB63-ED144B7FCB23}.Debug|Any CPU.ActiveCfg = Debug|Any CPU
		{78F14AD2-8D98-4561-AB63-ED144B7FCB23}.Debug|Any CPU.Build.0 = Debug|Any CPU
		{78F14AD2-8D98-4561-AB63-ED144B7FCB23}.Release|Any CPU.ActiveCfg = Release|Any CPU
		{78F14AD2-8D98-4561-AB63-ED144B7FCB23}.Release|Any CPU.Build.0 = Release|Any CPU
	EndGlobalSection
	GlobalSection(SolutionProperties) = preSolution
		HideSolutionNode = FALSE
	EndGlobalSection
	GlobalSection(ExtensibilityGlobals) = postSolution
		SolutionGuid = {1D28BACB-75AE-4FEB-BC6B-231F4E270033}
	EndGlobalSection
EndGlobal
